
Microsoft Visual Studio Solution File, Format Version 12.00
# Visual Studio Version 16
VisualStudioVersion = 16.0.31129.286
MinimumVisualStudioVersion = 10.0.40219.1
Project("{FAE04EC0-301F-11D3-BF4B-00C04F79EFBC}") = "consoleAppAssignment6", "consoleAppAssignment6\consoleAppAssignment6.csproj", "{ADC259F7-F464-47C4-B824-C9CF73EBC4DF}"
EndProject
Global
	GlobalSection(SolutionConfigurationPlatforms) = preSolution
		Debug|Any CPU = Debug|Any CPU
		Release|Any CPU = Release|Any CPU
	EndGlobalSection
	GlobalSection(ProjectConfigurationPlatforms) = postSolution
		{ADC259F7-F464-47C4-B824-C9CF73EBC4DF}.Debug|Any CPU.ActiveCfg = Debug|Any CPU
		{ADC259F7-F464-47C4-B824-C9CF73EBC4DF}.Debug|Any CPU.Build.0 = Debug|Any CPU
		{ADC259F7-F464-47C4-B824-C9CF73EBC4DF}.Release|Any CPU.ActiveCfg = Release|Any CPU
		{ADC259F7-F464-47C4-B824-C9CF73EBC4DF}.Release|Any CPU.Build.0 = Release|Any CPU
	EndGlobalSection
	GlobalSection(SolutionProperties) = preSolution
		HideSolutionNode = FALSE
	EndGlobalSection
	GlobalSection(ExtensibilityGlobals) = postSolution
		SolutionGuid = {533E98CF-06C4-40B5-BD67-74DD2F22F003}
	EndGlobalSection
EndGlobal
