
Microsoft Visual Studio Solution File, Format Version 12.00
# Visual Studio Version 16
VisualStudioVersion = 16.0.31129.286
MinimumVisualStudioVersion = 10.0.40219.1
Project("{FAE04EC0-301F-11D3-BF4B-00C04F79EFBC}") = "EnumAssigment", "EnumAssigment\EnumAssigment.csproj", "{49DE30E8-4D53-4471-B8E3-B1F1808A712C}"
EndProject
Global
	GlobalSection(SolutionConfigurationPlatforms) = preSolution
		Debug|Any CPU = Debug|Any CPU
		Release|Any CPU = Release|Any CPU
	EndGlobalSection
	GlobalSection(ProjectConfigurationPlatforms) = postSolution
		{49DE30E8-4D53-4471-B8E3-B1F1808A712C}.Debug|Any CPU.ActiveCfg = Debug|Any CPU
		{49DE30E8-4D53-4471-B8E3-B1F1808A712C}.Debug|Any CPU.Build.0 = Debug|Any CPU
		{49DE30E8-4D53-4471-B8E3-B1F1808A712C}.Release|Any CPU.ActiveCfg = Release|Any CPU
		{49DE30E8-4D53-4471-B8E3-B1F1808A712C}.Release|Any CPU.Build.0 = Release|Any CPU
	EndGlobalSection
	GlobalSection(SolutionProperties) = preSolution
		HideSolutionNode = FALSE
	EndGlobalSection
	GlobalSection(ExtensibilityGlobals) = postSolution
		SolutionGuid = {B185D8A0-8521-47CF-A4C9-7E3B10E2D921}
	EndGlobalSection
EndGlobal
